
Microsoft Visual Studio Solution File, Format Version 12.00
# Visual Studio Version 17
VisualStudioVersion = 17.5.33627.172
MinimumVisualStudioVersion = 10.0.40219.1
Project("{FAE04EC0-301F-11D3-BF4B-00C04F79EFBC}") = "Simulado1", "Simulado1\Simulado1.csproj", "{2028C592-8A93-4BA9-9F0E-E92F27740E2C}"
EndProject
Global
	GlobalSection(SolutionConfigurationPlatforms) = preSolution
		Debug|Any CPU = Debug|Any CPU
		Release|Any CPU = Release|Any CPU
	EndGlobalSection
	GlobalSection(ProjectConfigurationPlatforms) = postSolution
		{2028C592-8A93-4BA9-9F0E-E92F27740E2C}.Debug|Any CPU.ActiveCfg = Debug|Any CPU
		{2028C592-8A93-4BA9-9F0E-E92F27740E2C}.Debug|Any CPU.Build.0 = Debug|Any CPU
		{2028C592-8A93-4BA9-9F0E-E92F27740E2C}.Release|Any CPU.ActiveCfg = Release|Any CPU
		{2028C592-8A93-4BA9-9F0E-E92F27740E2C}.Release|Any CPU.Build.0 = Release|Any CPU
	EndGlobalSection
	GlobalSection(SolutionProperties) = preSolution
		HideSolutionNode = FALSE
	EndGlobalSection
	GlobalSection(ExtensibilityGlobals) = postSolution
		SolutionGuid = {B0DE56AF-EBE6-445D-91E6-EF393B813684}
	EndGlobalSection
EndGlobal
